
Microsoft Visual Studio Solution File, Format Version 12.00
# Visual Studio Version 17
VisualStudioVersion = 17.0.31903.59
MinimumVisualStudioVersion = 10.0.40219.1
Project("{2150E333-8FDC-42A3-9474-1A3956D46DE8}") = "services", "services", "{5854FF58-B8C5-05C6-5BF2-ACE42193F22B}"
EndProject
Project("{2150E333-8FDC-42A3-9474-1A3956D46DE8}") = "Accounts", "Accounts", "{8F02E68A-8AAE-D05E-4CDB-94FA5F04AA70}"
EndProject
Project("{FAE04EC0-301F-11D3-BF4B-00C04F79EFBC}") = "Accounts.Api", "services\Accounts\Accounts.Api\Accounts.Api.csproj", "{C8BB3670-8643-4573-88A0-E6585CB1F9D7}"
EndProject
Project("{FAE04EC0-301F-11D3-BF4B-00C04F79EFBC}") = "Accounts.Domain", "services\Accounts\Accounts.Domain\Accounts.Domain.csproj", "{48FFA5CD-483D-43A6-9BF6-DF37128F6D27}"
EndProject
Project("{FAE04EC0-301F-11D3-BF4B-00C04F79EFBC}") = "Accounts.Repository", "services\Accounts\Accounts.Repository\Accounts.Repository.csproj", "{F10F3CC0-6154-46ED-8D8E-CDBE71138931}"
EndProject
Project("{FAE04EC0-301F-11D3-BF4B-00C04F79EFBC}") = "Accounts.Service", "services\Accounts\Accounts.Service\Accounts.Service.csproj", "{607EAD36-DE6F-4AA6-BBB8-6B2FFAE83AFA}"
EndProject
Project("{2150E333-8FDC-42A3-9474-1A3956D46DE8}") = "AtmOperations", "AtmOperations", "{80F043DD-ABCE-B77A-7257-E7415B4A5AC9}"
EndProject
Project("{FAE04EC0-301F-11D3-BF4B-00C04F79EFBC}") = "AtmOperations.Api", "services\AtmOperations\AtmOperations.Api\AtmOperations.Api.csproj", "{5D0BB2D4-2CD0-4E55-9BE8-F6956875FDC1}"
EndProject
Project("{FAE04EC0-301F-11D3-BF4B-00C04F79EFBC}") = "AtmOperations.Domain", "services\AtmOperations\AtmOperations.Domain\AtmOperations.Domain.csproj", "{FDD700DA-19DC-468A-9697-05B56401CE09}"
EndProject
Project("{FAE04EC0-301F-11D3-BF4B-00C04F79EFBC}") = "AtmOperations.Repository", "services\AtmOperations\AtmOperations.Repository\AtmOperations.Repository.csproj", "{BF0A780A-AC6F-4C44-987A-6455A919BA3D}"
EndProject
Project("{FAE04EC0-301F-11D3-BF4B-00C04F79EFBC}") = "AtmOperations.Service", "services\AtmOperations\AtmOperations.Service\AtmOperations.Service.csproj", "{64B71521-7955-4417-9AFD-3F6757B4E4AB}"
EndProject
Project("{2150E333-8FDC-42A3-9474-1A3956D46DE8}") = "Identity", "Identity", "{357A7C97-5AE1-023F-1442-0D9F9AF22A31}"
EndProject
Project("{FAE04EC0-301F-11D3-BF4B-00C04F79EFBC}") = "Identity.Api", "services\Identity\Identity.Api\Identity.Api.csproj", "{730CF8F3-8387-47A8-85FE-A635FAE4A8EE}"
EndProject
Project("{FAE04EC0-301F-11D3-BF4B-00C04F79EFBC}") = "Identity.Domain", "services\Identity\Identity.Domain\Identity.Domain.csproj", "{951AF857-35A0-4800-8AC6-DA46D22C49FF}"
EndProject
Project("{FAE04EC0-301F-11D3-BF4B-00C04F79EFBC}") = "Identity.Repository", "services\Identity\Identity.Repository\Identity.Repository.csproj", "{62500DBB-18B9-42CE-8B92-2D47AF2C69D5}"
EndProject
Project("{FAE04EC0-301F-11D3-BF4B-00C04F79EFBC}") = "Identity.Service", "services\Identity\Identity.Service\Identity.Service.csproj", "{17FD7355-CAC2-4ED9-9B5F-393F9F7C737D}"
EndProject
Project("{2150E333-8FDC-42A3-9474-1A3956D46DE8}") = "Transactions", "Transactions", "{5FA4CE26-09C9-98FC-7F09-F87F485103B9}"
EndProject
Project("{FAE04EC0-301F-11D3-BF4B-00C04F79EFBC}") = "Transactions.Api", "services\Transactions\Transactions.Api\Transactions.Api.csproj", "{07CA98D1-4E03-4907-95C6-6D9C7A7DFCDF}"
EndProject
Project("{FAE04EC0-301F-11D3-BF4B-00C04F79EFBC}") = "Transactions.Domain", "services\Transactions\Transactions.Domain\Transactions.Domain.csproj", "{82F89653-8B88-4DB5-B9C6-6B378EA2EB59}"
EndProject
Project("{FAE04EC0-301F-11D3-BF4B-00C04F79EFBC}") = "Transactions.Repository", "services\Transactions\Transactions.Repository\Transactions.Repository.csproj", "{57C5C652-F911-4EB1-9BD3-84D717E17FA3}"
EndProject
Project("{FAE04EC0-301F-11D3-BF4B-00C04F79EFBC}") = "Transactions.Service", "services\Transactions\Transactions.Service\Transactions.Service.csproj", "{10A9349B-B3F5-4774-9FBB-017019E843DE}"
EndProject
Global
	GlobalSection(SolutionConfigurationPlatforms) = preSolution
		Debug|Any CPU = Debug|Any CPU
		Debug|x64 = Debug|x64
		Debug|x86 = Debug|x86
		Release|Any CPU = Release|Any CPU
		Release|x64 = Release|x64
		Release|x86 = Release|x86
	EndGlobalSection
	GlobalSection(ProjectConfigurationPlatforms) = postSolution
		{C8BB3670-8643-4573-88A0-E6585CB1F9D7}.Debug|Any CPU.ActiveCfg = Debug|Any CPU
		{C8BB3670-8643-4573-88A0-E6585CB1F9D7}.Debug|Any CPU.Build.0 = Debug|Any CPU
		{C8BB3670-8643-4573-88A0-E6585CB1F9D7}.Debug|x64.ActiveCfg = Debug|Any CPU
		{C8BB3670-8643-4573-88A0-E6585CB1F9D7}.Debug|x64.Build.0 = Debug|Any CPU
		{C8BB3670-8643-4573-88A0-E6585CB1F9D7}.Debug|x86.ActiveCfg = Debug|Any CPU
		{C8BB3670-8643-4573-88A0-E6585CB1F9D7}.Debug|x86.Build.0 = Debug|Any CPU
		{C8BB3670-8643-4573-88A0-E6585CB1F9D7}.Release|Any CPU.ActiveCfg = Release|Any CPU
		{C8BB3670-8643-4573-88A0-E6585CB1F9D7}.Release|Any CPU.Build.0 = Release|Any CPU
		{C8BB3670-8643-4573-88A0-E6585CB1F9D7}.Release|x64.ActiveCfg = Release|Any CPU
		{C8BB3670-8643-4573-88A0-E6585CB1F9D7}.Release|x64.Build.0 = Release|Any CPU
		{C8BB3670-8643-4573-88A0-E6585CB1F9D7}.Release|x86.ActiveCfg = Release|Any CPU
		{C8BB3670-8643-4573-88A0-E6585CB1F9D7}.Release|x86.Build.0 = Release|Any CPU
		{48FFA5CD-483D-43A6-9BF6-DF37128F6D27}.Debug|Any CPU.ActiveCfg = Debug|Any CPU
		{48FFA5CD-483D-43A6-9BF6-DF37128F6D27}.Debug|Any CPU.Build.0 = Debug|Any CPU
		{48FFA5CD-483D-43A6-9BF6-DF37128F6D27}.Debug|x64.ActiveCfg = Debug|Any CPU
		{48FFA5CD-483D-43A6-9BF6-DF37128F6D27}.Debug|x64.Build.0 = Debug|Any CPU
		{48FFA5CD-483D-43A6-9BF6-DF37128F6D27}.Debug|x86.ActiveCfg = Debug|Any CPU
		{48FFA5CD-483D-43A6-9BF6-DF37128F6D27}.Debug|x86.Build.0 = Debug|Any CPU
		{48FFA5CD-483D-43A6-9BF6-DF37128F6D27}.Release|Any CPU.ActiveCfg = Release|Any CPU
		{48FFA5CD-483D-43A6-9BF6-DF37128F6D27}.Release|Any CPU.Build.0 = Release|Any CPU
		{48FFA5CD-483D-43A6-9BF6-DF37128F6D27}.Release|x64.ActiveCfg = Release|Any CPU
		{48FFA5CD-483D-43A6-9BF6-DF37128F6D27}.Release|x64.Build.0 = Release|Any CPU
		{48FFA5CD-483D-43A6-9BF6-DF37128F6D27}.Release|x86.ActiveCfg = Release|Any CPU
		{48FFA5CD-483D-43A6-9BF6-DF37128F6D27}.Release|x86.Build.0 = Release|Any CPU
		{F10F3CC0-6154-46ED-8D8E-CDBE71138931}.Debug|Any CPU.ActiveCfg = Debug|Any CPU
		{F10F3CC0-6154-46ED-8D8E-CDBE71138931}.Debug|Any CPU.Build.0 = Debug|Any CPU
		{F10F3CC0-6154-46ED-8D8E-CDBE71138931}.Debug|x64.ActiveCfg = Debug|Any CPU
		{F10F3CC0-6154-46ED-8D8E-CDBE71138931}.Debug|x64.Build.0 = Debug|Any CPU
		{F10F3CC0-6154-46ED-8D8E-CDBE71138931}.Debug|x86.ActiveCfg = Debug|Any CPU
		{F10F3CC0-6154-46ED-8D8E-CDBE71138931}.Debug|x86.Build.0 = Debug|Any CPU
		{F10F3CC0-6154-46ED-8D8E-CDBE71138931}.Release|Any CPU.ActiveCfg = Release|Any CPU
		{F10F3CC0-6154-46ED-8D8E-CDBE71138931}.Release|Any CPU.Build.0 = Release|Any CPU
		{F10F3CC0-6154-46ED-8D8E-CDBE71138931}.Release|x64.ActiveCfg = Release|Any CPU
		{F10F3CC0-6154-46ED-8D8E-CDBE71138931}.Release|x64.Build.0 = Release|Any CPU
		{F10F3CC0-6154-46ED-8D8E-CDBE71138931}.Release|x86.ActiveCfg = Release|Any CPU
		{F10F3CC0-6154-46ED-8D8E-CDBE71138931}.Release|x86.Build.0 = Release|Any CPU
		{607EAD36-DE6F-4AA6-BBB8-6B2FFAE83AFA}.Debug|Any CPU.ActiveCfg = Debug|Any CPU
		{607EAD36-DE6F-4AA6-BBB8-6B2FFAE83AFA}.Debug|Any CPU.Build.0 = Debug|Any CPU
		{607EAD36-DE6F-4AA6-BBB8-6B2FFAE83AFA}.Debug|x64.ActiveCfg = Debug|Any CPU
		{607EAD36-DE6F-4AA6-BBB8-6B2FFAE83AFA}.Debug|x64.Build.0 = Debug|Any CPU
		{607EAD36-DE6F-4AA6-BBB8-6B2FFAE83AFA}.Debug|x86.ActiveCfg = Debug|Any CPU
		{607EAD36-DE6F-4AA6-BBB8-6B2FFAE83AFA}.Debug|x86.Build.0 = Debug|Any CPU
		{607EAD36-DE6F-4AA6-BBB8-6B2FFAE83AFA}.Release|Any CPU.ActiveCfg = Release|Any CPU
		{607EAD36-DE6F-4AA6-BBB8-6B2FFAE83AFA}.Release|Any CPU.Build.0 = Release|Any CPU
		{607EAD36-DE6F-4AA6-BBB8-6B2FFAE83AFA}.Release|x64.ActiveCfg = Release|Any CPU
		{607EAD36-DE6F-4AA6-BBB8-6B2FFAE83AFA}.Release|x64.Build.0 = Release|Any CPU
		{607EAD36-DE6F-4AA6-BBB8-6B2FFAE83AFA}.Release|x86.ActiveCfg = Release|Any CPU
		{607EAD36-DE6F-4AA6-BBB8-6B2FFAE83AFA}.Release|x86.Build.0 = Release|Any CPU
		{5D0BB2D4-2CD0-4E55-9BE8-F6956875FDC1}.Debug|Any CPU.ActiveCfg = Debug|Any CPU
		{5D0BB2D4-2CD0-4E55-9BE8-F6956875FDC1}.Debug|Any CPU.Build.0 = Debug|Any CPU
		{5D0BB2D4-2CD0-4E55-9BE8-F6956875FDC1}.Debug|x64.ActiveCfg = Debug|Any CPU
		{5D0BB2D4-2CD0-4E55-9BE8-F6956875FDC1}.Debug|x64.Build.0 = Debug|Any CPU
		{5D0BB2D4-2CD0-4E55-9BE8-F6956875FDC1}.Debug|x86.ActiveCfg = Debug|Any CPU
		{5D0BB2D4-2CD0-4E55-9BE8-F6956875FDC1}.Debug|x86.Build.0 = Debug|Any CPU
		{5D0BB2D4-2CD0-4E55-9BE8-F6956875FDC1}.Release|Any CPU.ActiveCfg = Release|Any CPU
		{5D0BB2D4-2CD0-4E55-9BE8-F6956875FDC1}.Release|Any CPU.Build.0 = Release|Any CPU
		{5D0BB2D4-2CD0-4E55-9BE8-F6956875FDC1}.Release|x64.ActiveCfg = Release|Any CPU
		{5D0BB2D4-2CD0-4E55-9BE8-F6956875FDC1}.Release|x64.Build.0 = Release|Any CPU
		{5D0BB2D4-2CD0-4E55-9BE8-F6956875FDC1}.Release|x86.ActiveCfg = Release|Any CPU
		{5D0BB2D4-2CD0-4E55-9BE8-F6956875FDC1}.Release|x86.Build.0 = Release|Any CPU
		{FDD700DA-19DC-468A-9697-05B56401CE09}.Debug|Any CPU.ActiveCfg = Debug|Any CPU
		{FDD700DA-19DC-468A-9697-05B56401CE09}.Debug|Any CPU.Build.0 = Debug|Any CPU
		{FDD700DA-19DC-468A-9697-05B56401CE09}.Debug|x64.ActiveCfg = Debug|Any CPU
		{FDD700DA-19DC-468A-9697-05B56401CE09}.Debug|x64.Build.0 = Debug|Any CPU
		{FDD700DA-19DC-468A-9697-05B56401CE09}.Debug|x86.ActiveCfg = Debug|Any CPU
		{FDD700DA-19DC-468A-9697-05B56401CE09}.Debug|x86.Build.0 = Debug|Any CPU
		{FDD700DA-19DC-468A-9697-05B56401CE09}.Release|Any CPU.ActiveCfg = Release|Any CPU
		{FDD700DA-19DC-468A-9697-05B56401CE09}.Release|Any CPU.Build.0 = Release|Any CPU
		{FDD700DA-19DC-468A-9697-05B56401CE09}.Release|x64.ActiveCfg = Release|Any CPU
		{FDD700DA-19DC-468A-9697-05B56401CE09}.Release|x64.Build.0 = Release|Any CPU
		{FDD700DA-19DC-468A-9697-05B56401CE09}.Release|x86.ActiveCfg = Release|Any CPU
		{FDD700DA-19DC-468A-9697-05B56401CE09}.Release|x86.Build.0 = Release|Any CPU
		{BF0A780A-AC6F-4C44-987A-6455A919BA3D}.Debug|Any CPU.ActiveCfg = Debug|Any CPU
		{BF0A780A-AC6F-4C44-987A-6455A919BA3D}.Debug|Any CPU.Build.0 = Debug|Any CPU
		{BF0A780A-AC6F-4C44-987A-6455A919BA3D}.Debug|x64.ActiveCfg = Debug|Any CPU
		{BF0A780A-AC6F-4C44-987A-6455A919BA3D}.Debug|x64.Build.0 = Debug|Any CPU
		{BF0A780A-AC6F-4C44-987A-6455A919BA3D}.Debug|x86.ActiveCfg = Debug|Any CPU
		{BF0A780A-AC6F-4C44-987A-6455A919BA3D}.Debug|x86.Build.0 = Debug|Any CPU
		{BF0A780A-AC6F-4C44-987A-6455A919BA3D}.Release|Any CPU.ActiveCfg = Release|Any CPU
		{BF0A780A-AC6F-4C44-987A-6455A919BA3D}.Release|Any CPU.Build.0 = Release|Any CPU
		{BF0A780A-AC6F-4C44-987A-6455A919BA3D}.Release|x64.ActiveCfg = Release|Any CPU
		{BF0A780A-AC6F-4C44-987A-6455A919BA3D}.Release|x64.Build.0 = Release|Any CPU
		{BF0A780A-AC6F-4C44-987A-6455A919BA3D}.Release|x86.ActiveCfg = Release|Any CPU
		{BF0A780A-AC6F-4C44-987A-6455A919BA3D}.Release|x86.Build.0 = Release|Any CPU
		{64B71521-7955-4417-9AFD-3F6757B4E4AB}.Debug|Any CPU.ActiveCfg = Debug|Any CPU
		{64B71521-7955-4417-9AFD-3F6757B4E4AB}.Debug|Any CPU.Build.0 = Debug|Any CPU
		{64B71521-7955-4417-9AFD-3F6757B4E4AB}.Debug|x64.ActiveCfg = Debug|Any CPU
		{64B71521-7955-4417-9AFD-3F6757B4E4AB}.Debug|x64.Build.0 = Debug|Any CPU
		{64B71521-7955-4417-9AFD-3F6757B4E4AB}.Debug|x86.ActiveCfg = Debug|Any CPU
		{64B71521-7955-4417-9AFD-3F6757B4E4AB}.Debug|x86.Build.0 = Debug|Any CPU
		{64B71521-7955-4417-9AFD-3F6757B4E4AB}.Release|Any CPU.ActiveCfg = Release|Any CPU
		{64B71521-7955-4417-9AFD-3F6757B4E4AB}.Release|Any CPU.Build.0 = Release|Any CPU
		{64B71521-7955-4417-9AFD-3F6757B4E4AB}.Release|x64.ActiveCfg = Release|Any CPU
		{64B71521-7955-4417-9AFD-3F6757B4E4AB}.Release|x64.Build.0 = Release|Any CPU
		{64B71521-7955-4417-9AFD-3F6757B4E4AB}.Release|x86.ActiveCfg = Release|Any CPU
		{64B71521-7955-4417-9AFD-3F6757B4E4AB}.Release|x86.Build.0 = Release|Any CPU
		{730CF8F3-8387-47A8-85FE-A635FAE4A8EE}.Debug|Any CPU.ActiveCfg = Debug|Any CPU
		{730CF8F3-8387-47A8-85FE-A635FAE4A8EE}.Debug|Any CPU.Build.0 = Debug|Any CPU
		{730CF8F3-8387-47A8-85FE-A635FAE4A8EE}.Debug|x64.ActiveCfg = Debug|Any CPU
		{730CF8F3-8387-47A8-85FE-A635FAE4A8EE}.Debug|x64.Build.0 = Debug|Any CPU
		{730CF8F3-8387-47A8-85FE-A635FAE4A8EE}.Debug|x86.ActiveCfg = Debug|Any CPU
		{730CF8F3-8387-47A8-85FE-A635FAE4A8EE}.Debug|x86.Build.0 = Debug|Any CPU
		{730CF8F3-8387-47A8-85FE-A635FAE4A8EE}.Release|Any CPU.ActiveCfg = Release|Any CPU
		{730CF8F3-8387-47A8-85FE-A635FAE4A8EE}.Release|Any CPU.Build.0 = Release|Any CPU
		{730CF8F3-8387-47A8-85FE-A635FAE4A8EE}.Release|x64.ActiveCfg = Release|Any CPU
		{730CF8F3-8387-47A8-85FE-A635FAE4A8EE}.Release|x64.Build.0 = Release|Any CPU
		{730CF8F3-8387-47A8-85FE-A635FAE4A8EE}.Release|x86.ActiveCfg = Release|Any CPU
		{730CF8F3-8387-47A8-85FE-A635FAE4A8EE}.Release|x86.Build.0 = Release|Any CPU
		{951AF857-35A0-4800-8AC6-DA46D22C49FF}.Debug|Any CPU.ActiveCfg = Debug|Any CPU
		{951AF857-35A0-4800-8AC6-DA46D22C49FF}.Debug|Any CPU.Build.0 = Debug|Any CPU
		{951AF857-35A0-4800-8AC6-DA46D22C49FF}.Debug|x64.ActiveCfg = Debug|Any CPU
		{951AF857-35A0-4800-8AC6-DA46D22C49FF}.Debug|x64.Build.0 = Debug|Any CPU
		{951AF857-35A0-4800-8AC6-DA46D22C49FF}.Debug|x86.ActiveCfg = Debug|Any CPU
		{951AF857-35A0-4800-8AC6-DA46D22C49FF}.Debug|x86.Build.0 = Debug|Any CPU
		{951AF857-35A0-4800-8AC6-DA46D22C49FF}.Release|Any CPU.ActiveCfg = Release|Any CPU
		{951AF857-35A0-4800-8AC6-DA46D22C49FF}.Release|Any CPU.Build.0 = Release|Any CPU
		{951AF857-35A0-4800-8AC6-DA46D22C49FF}.Release|x64.ActiveCfg = Release|Any CPU
		{951AF857-35A0-4800-8AC6-DA46D22C49FF}.Release|x64.Build.0 = Release|Any CPU
		{951AF857-35A0-4800-8AC6-DA46D22C49FF}.Release|x86.ActiveCfg = Release|Any CPU
		{951AF857-35A0-4800-8AC6-DA46D22C49FF}.Release|x86.Build.0 = Release|Any CPU
		{62500DBB-18B9-42CE-8B92-2D47AF2C69D5}.Debug|Any CPU.ActiveCfg = Debug|Any CPU
		{62500DBB-18B9-42CE-8B92-2D47AF2C69D5}.Debug|Any CPU.Build.0 = Debug|Any CPU
		{62500DBB-18B9-42CE-8B92-2D47AF2C69D5}.Debug|x64.ActiveCfg = Debug|Any CPU
		{62500DBB-18B9-42CE-8B92-2D47AF2C69D5}.Debug|x64.Build.0 = Debug|Any CPU
		{62500DBB-18B9-42CE-8B92-2D47AF2C69D5}.Debug|x86.ActiveCfg = Debug|Any CPU
		{62500DBB-18B9-42CE-8B92-2D47AF2C69D5}.Debug|x86.Build.0 = Debug|Any CPU
		{62500DBB-18B9-42CE-8B92-2D47AF2C69D5}.Release|Any CPU.ActiveCfg = Release|Any CPU
		{62500DBB-18B9-42CE-8B92-2D47AF2C69D5}.Release|Any CPU.Build.0 = Release|Any CPU
		{62500DBB-18B9-42CE-8B92-2D47AF2C69D5}.Release|x64.ActiveCfg = Release|Any CPU
		{62500DBB-18B9-42CE-8B92-2D47AF2C69D5}.Release|x64.Build.0 = Release|Any CPU
		{62500DBB-18B9-42CE-8B92-2D47AF2C69D5}.Release|x86.ActiveCfg = Release|Any CPU
		{62500DBB-18B9-42CE-8B92-2D47AF2C69D5}.Release|x86.Build.0 = Release|Any CPU
		{17FD7355-CAC2-4ED9-9B5F-393F9F7C737D}.Debug|Any CPU.ActiveCfg = Debug|Any CPU
		{17FD7355-CAC2-4ED9-9B5F-393F9F7C737D}.Debug|Any CPU.Build.0 = Debug|Any CPU
		{17FD7355-CAC2-4ED9-9B5F-393F9F7C737D}.Debug|x64.ActiveCfg = Debug|Any CPU
		{17FD7355-CAC2-4ED9-9B5F-393F9F7C737D}.Debug|x64.Build.0 = Debug|Any CPU
		{17FD7355-CAC2-4ED9-9B5F-393F9F7C737D}.Debug|x86.ActiveCfg = Debug|Any CPU
		{17FD7355-CAC2-4ED9-9B5F-393F9F7C737D}.Debug|x86.Build.0 = Debug|Any CPU
		{17FD7355-CAC2-4ED9-9B5F-393F9F7C737D}.Release|Any CPU.ActiveCfg = Release|Any CPU
		{17FD7355-CAC2-4ED9-9B5F-393F9F7C737D}.Release|Any CPU.Build.0 = Release|Any CPU
		{17FD7355-CAC2-4ED9-9B5F-393F9F7C737D}.Release|x64.ActiveCfg = Release|Any CPU
		{17FD7355-CAC2-4ED9-9B5F-393F9F7C737D}.Release|x64.Build.0 = Release|Any CPU
		{17FD7355-CAC2-4ED9-9B5F-393F9F7C737D}.Release|x86.ActiveCfg = Release|Any CPU
		{17FD7355-CAC2-4ED9-9B5F-393F9F7C737D}.Release|x86.Build.0 = Release|Any CPU
		{07CA98D1-4E03-4907-95C6-6D9C7A7DFCDF}.Debug|Any CPU.ActiveCfg = Debug|Any CPU
		{07CA98D1-4E03-4907-95C6-6D9C7A7DFCDF}.Debug|Any CPU.Build.0 = Debug|Any CPU
		{07CA98D1-4E03-4907-95C6-6D9C7A7DFCDF}.Debug|x64.ActiveCfg = Debug|Any CPU
		{07CA98D1-4E03-4907-95C6-6D9C7A7DFCDF}.Debug|x64.Build.0 = Debug|Any CPU
		{07CA98D1-4E03-4907-95C6-6D9C7A7DFCDF}.Debug|x86.ActiveCfg = Debug|Any CPU
		{07CA98D1-4E03-4907-95C6-6D9C7A7DFCDF}.Debug|x86.Build.0 = Debug|Any CPU
		{07CA98D1-4E03-4907-95C6-6D9C7A7DFCDF}.Release|Any CPU.ActiveCfg = Release|Any CPU
		{07CA98D1-4E03-4907-95C6-6D9C7A7DFCDF}.Release|Any CPU.Build.0 = Release|Any CPU
		{07CA98D1-4E03-4907-95C6-6D9C7A7DFCDF}.Release|x64.ActiveCfg = Release|Any CPU
		{07CA98D1-4E03-4907-95C6-6D9C7A7DFCDF}.Release|x64.Build.0 = Release|Any CPU
		{07CA98D1-4E03-4907-95C6-6D9C7A7DFCDF}.Release|x86.ActiveCfg = Release|Any CPU
		{07CA98D1-4E03-4907-95C6-6D9C7A7DFCDF}.Release|x86.Build.0 = Release|Any CPU
		{82F89653-8B88-4DB5-B9C6-6B378EA2EB59}.Debug|Any CPU.ActiveCfg = Debug|Any CPU
		{82F89653-8B88-4DB5-B9C6-6B378EA2EB59}.Debug|Any CPU.Build.0 = Debug|Any CPU
		{82F89653-8B88-4DB5-B9C6-6B378EA2EB59}.Debug|x64.ActiveCfg = Debug|Any CPU
		{82F89653-8B88-4DB5-B9C6-6B378EA2EB59}.Debug|x64.Build.0 = Debug|Any CPU
		{82F89653-8B88-4DB5-B9C6-6B378EA2EB59}.Debug|x86.ActiveCfg = Debug|Any CPU
		{82F89653-8B88-4DB5-B9C6-6B378EA2EB59}.Debug|x86.Build.0 = Debug|Any CPU
		{82F89653-8B88-4DB5-B9C6-6B378EA2EB59}.Release|Any CPU.ActiveCfg = Release|Any CPU
		{82F89653-8B88-4DB5-B9C6-6B378EA2EB59}.Release|Any CPU.Build.0 = Release|Any CPU
		{82F89653-8B88-4DB5-B9C6-6B378EA2EB59}.Release|x64.ActiveCfg = Release|Any CPU
		{82F89653-8B88-4DB5-B9C6-6B378EA2EB59}.Release|x64.Build.0 = Release|Any CPU
		{82F89653-8B88-4DB5-B9C6-6B378EA2EB59}.Release|x86.ActiveCfg = Release|Any CPU
		{82F89653-8B88-4DB5-B9C6-6B378EA2EB59}.Release|x86.Build.0 = Release|Any CPU
		{57C5C652-F911-4EB1-9BD3-84D717E17FA3}.Debug|Any CPU.ActiveCfg = Debug|Any CPU
		{57C5C652-F911-4EB1-9BD3-84D717E17FA3}.Debug|Any CPU.Build.0 = Debug|Any CPU
		{57C5C652-F911-4EB1-9BD3-84D717E17FA3}.Debug|x64.ActiveCfg = Debug|Any CPU
		{57C5C652-F911-4EB1-9BD3-84D717E17FA3}.Debug|x64.Build.0 = Debug|Any CPU
		{57C5C652-F911-4EB1-9BD3-84D717E17FA3}.Debug|x86.ActiveCfg = Debug|Any CPU
		{57C5C652-F911-4EB1-9BD3-84D717E17FA3}.Debug|x86.Build.0 = Debug|Any CPU
		{57C5C652-F911-4EB1-9BD3-84D717E17FA3}.Release|Any CPU.ActiveCfg = Release|Any CPU
		{57C5C652-F911-4EB1-9BD3-84D717E17FA3}.Release|Any CPU.Build.0 = Release|Any CPU
		{57C5C652-F911-4EB1-9BD3-84D717E17FA3}.Release|x64.ActiveCfg = Release|Any CPU
		{57C5C652-F911-4EB1-9BD3-84D717E17FA3}.Release|x64.Build.0 = Release|Any CPU
		{57C5C652-F911-4EB1-9BD3-84D717E17FA3}.Release|x86.ActiveCfg = Release|Any CPU
		{57C5C652-F911-4EB1-9BD3-84D717E17FA3}.Release|x86.Build.0 = Release|Any CPU
		{10A9349B-B3F5-4774-9FBB-017019E843DE}.Debug|Any CPU.ActiveCfg = Debug|Any CPU
		{10A9349B-B3F5-4774-9FBB-017019E843DE}.Debug|Any CPU.Build.0 = Debug|Any CPU
		{10A9349B-B3F5-4774-9FBB-017019E843DE}.Debug|x64.ActiveCfg = Debug|Any CPU
		{10A9349B-B3F5-4774-9FBB-017019E843DE}.Debug|x64.Build.0 = Debug|Any CPU
		{10A9349B-B3F5-4774-9FBB-017019E843DE}.Debug|x86.ActiveCfg = Debug|Any CPU
		{10A9349B-B3F5-4774-9FBB-017019E843DE}.Debug|x86.Build.0 = Debug|Any CPU
		{10A9349B-B3F5-4774-9FBB-017019E843DE}.Release|Any CPU.ActiveCfg = Release|Any CPU
		{10A9349B-B3F5-4774-9FBB-017019E843DE}.Release|Any CPU.Build.0 = Release|Any CPU
		{10A9349B-B3F5-4774-9FBB-017019E843DE}.Release|x64.ActiveCfg = Release|Any CPU
		{10A9349B-B3F5-4774-9FBB-017019E843DE}.Release|x64.Build.0 = Release|Any CPU
		{10A9349B-B3F5-4774-9FBB-017019E843DE}.Release|x86.ActiveCfg = Release|Any CPU
		{10A9349B-B3F5-4774-9FBB-017019E843DE}.Release|x86.Build.0 = Release|Any CPU
	EndGlobalSection
	GlobalSection(SolutionProperties) = preSolution
		HideSolutionNode = FALSE
	EndGlobalSection
	GlobalSection(NestedProjects) = preSolution
		{8F02E68A-8AAE-D05E-4CDB-94FA5F04AA70} = {5854FF58-B8C5-05C6-5BF2-ACE42193F22B}
		{C8BB3670-8643-4573-88A0-E6585CB1F9D7} = {8F02E68A-8AAE-D05E-4CDB-94FA5F04AA70}
		{48FFA5CD-483D-43A6-9BF6-DF37128F6D27} = {8F02E68A-8AAE-D05E-4CDB-94FA5F04AA70}
		{F10F3CC0-6154-46ED-8D8E-CDBE71138931} = {8F02E68A-8AAE-D05E-4CDB-94FA5F04AA70}
		{607EAD36-DE6F-4AA6-BBB8-6B2FFAE83AFA} = {8F02E68A-8AAE-D05E-4CDB-94FA5F04AA70}
		{80F043DD-ABCE-B77A-7257-E7415B4A5AC9} = {5854FF58-B8C5-05C6-5BF2-ACE42193F22B}
		{5D0BB2D4-2CD0-4E55-9BE8-F6956875FDC1} = {80F043DD-ABCE-B77A-7257-E7415B4A5AC9}
		{FDD700DA-19DC-468A-9697-05B56401CE09} = {80F043DD-ABCE-B77A-7257-E7415B4A5AC9}
		{BF0A780A-AC6F-4C44-987A-6455A919BA3D} = {80F043DD-ABCE-B77A-7257-E7415B4A5AC9}
		{64B71521-7955-4417-9AFD-3F6757B4E4AB} = {80F043DD-ABCE-B77A-7257-E7415B4A5AC9}
		{357A7C97-5AE1-023F-1442-0D9F9AF22A31} = {5854FF58-B8C5-05C6-5BF2-ACE42193F22B}
		{730CF8F3-8387-47A8-85FE-A635FAE4A8EE} = {357A7C97-5AE1-023F-1442-0D9F9AF22A31}
		{951AF857-35A0-4800-8AC6-DA46D22C49FF} = {357A7C97-5AE1-023F-1442-0D9F9AF22A31}
		{62500DBB-18B9-42CE-8B92-2D47AF2C69D5} = {357A7C97-5AE1-023F-1442-0D9F9AF22A31}
		{17FD7355-CAC2-4ED9-9B5F-393F9F7C737D} = {357A7C97-5AE1-023F-1442-0D9F9AF22A31}
		{5FA4CE26-09C9-98FC-7F09-F87F485103B9} = {5854FF58-B8C5-05C6-5BF2-ACE42193F22B}
		{07CA98D1-4E03-4907-95C6-6D9C7A7DFCDF} = {5FA4CE26-09C9-98FC-7F09-F87F485103B9}
		{82F89653-8B88-4DB5-B9C6-6B378EA2EB59} = {5FA4CE26-09C9-98FC-7F09-F87F485103B9}
		{57C5C652-F911-4EB1-9BD3-84D717E17FA3} = {5FA4CE26-09C9-98FC-7F09-F87F485103B9}
		{10A9349B-B3F5-4774-9FBB-017019E843DE} = {5FA4CE26-09C9-98FC-7F09-F87F485103B9}
	EndGlobalSection
EndGlobal
